// !$*UTF8*$!
{
	archiveVersion = 1;
	classes = {
	};
	objectVersion = 46;
	objects = {

/* Begin PBXBuildFile section */
		4806D7612183B80300FC5912 /* Participant.swift in Sources */ = {isa = PBXBuildFile; fileRef = 4806D7602183B80300FC5912 /* Participant.swift */; };
		4806D7632183C2C100FC5912 /* AppState.swift in Sources */ = {isa = PBXBuildFile; fileRef = 4806D7622183C2C100FC5912 /* AppState.swift */; };
		4806D7652183D8C300FC5912 /* WaitingViewController.swift in Sources */ = {isa = PBXBuildFile; fileRef = 4806D7642183D8C300FC5912 /* WaitingViewController.swift */; };
		4806D76721862B0300FC5912 /* Cacher.swift in Sources */ = {isa = PBXBuildFile; fileRef = 4806D76621862B0300FC5912 /* Cacher.swift */; };
		4814047C217D505C00124E76 /* ThumbUp.swift in Sources */ = {isa = PBXBuildFile; fileRef = 4814047B217D505C00124E76 /* ThumbUp.swift */; };
		48163198217ED33D0003F334 /* Map.swift in Sources */ = {isa = PBXBuildFile; fileRef = 48163197217ED33D0003F334 /* Map.swift */; };
		4816717E2157DF0000FB53D5 /* ForceTouchGestureRecognizer.swift in Sources */ = {isa = PBXBuildFile; fileRef = 4816717D2157DF0000FB53D5 /* ForceTouchGestureRecognizer.swift */; };
		4820457A2155EBE900989507 /* StickersNearby.swift in Sources */ = {isa = PBXBuildFile; fileRef = 482045792155EBE900989507 /* StickersNearby.swift */; };
		4833314C215EDAFB00FD997D /* RestaurantsNearby.swift in Sources */ = {isa = PBXBuildFile; fileRef = 4833314B215EDAFB00FD997D /* RestaurantsNearby.swift */; };
		4852138D218B673000517D65 /* RestaurantCategory.swift in Sources */ = {isa = PBXBuildFile; fileRef = 4852138C218B673000517D65 /* RestaurantCategory.swift */; };
		4888F5C0217F7C60005EA28A /* russian_sticker.png in Resources */ = {isa = PBXBuildFile; fileRef = 4888F590217F7C59005EA28A /* russian_sticker.png */; };
		4888F5C1217F7C60005EA28A /* icecream_sticker.png in Resources */ = {isa = PBXBuildFile; fileRef = 4888F591217F7C59005EA28A /* icecream_sticker.png */; };
		4888F5C2217F7C60005EA28A /* thumbsDown_selected.png in Resources */ = {isa = PBXBuildFile; fileRef = 4888F592217F7C59005EA28A /* thumbsDown_selected.png */; };
		4888F5C3217F7C60005EA28A /* diet.png in Resources */ = {isa = PBXBuildFile; fileRef = 4888F593217F7C59005EA28A /* diet.png */; };
		4888F5C4217F7C60005EA28A /* bagels_sticker.png in Resources */ = {isa = PBXBuildFile; fileRef = 4888F594217F7C5A005EA28A /* bagels_sticker.png */; };
		4888F5C5217F7C60005EA28A /* thumbsDown_unselected.png in Resources */ = {isa = PBXBuildFile; fileRef = 4888F595217F7C5A005EA28A /* thumbsDown_unselected.png */; };
		4888F5C6217F7C60005EA28A /* bento_sticker.png in Resources */ = {isa = PBXBuildFile; fileRef = 4888F596217F7C5A005EA28A /* bento_sticker.png */; };
		4888F5C7217F7C60005EA28A /* brazilian_sticker.png in Resources */ = {isa = PBXBuildFile; fileRef = 4888F597217F7C5A005EA28A /* brazilian_sticker.png */; };
		4888F5C8217F7C60005EA28A /* gourmet_sticker.png in Resources */ = {isa = PBXBuildFile; fileRef = 4888F598217F7C5A005EA28A /* gourmet_sticker.png */; };
		4888F5C9217F7C60005EA28A /* hawaiian_sticker.png in Resources */ = {isa = PBXBuildFile; fileRef = 4888F599217F7C5A005EA28A /* hawaiian_sticker.png */; };
		4888F5CB217F7C60005EA28A /* tapas_sticker.png in Resources */ = {isa = PBXBuildFile; fileRef = 4888F59B217F7C5A005EA28A /* tapas_sticker.png */; };
		4888F5CC217F7C60005EA28A /* tea_sticker.png in Resources */ = {isa = PBXBuildFile; fileRef = 4888F59C217F7C5A005EA28A /* tea_sticker.png */; };
		4888F5CD217F7C60005EA28A /* pizza_sticker.png in Resources */ = {isa = PBXBuildFile; fileRef = 4888F59D217F7C5B005EA28A /* pizza_sticker.png */; };
		4888F5CE217F7C60005EA28A /* falafel_sticker.png in Resources */ = {isa = PBXBuildFile; fileRef = 4888F59E217F7C5B005EA28A /* falafel_sticker.png */; };
		4888F5CF217F7C60005EA28A /* foodstand_sticker.png in Resources */ = {isa = PBXBuildFile; fileRef = 4888F59F217F7C5B005EA28A /* foodstand_sticker.png */; };
		4888F5D0217F7C60005EA28A /* russia.png in Resources */ = {isa = PBXBuildFile; fileRef = 4888F5A0217F7C5B005EA28A /* russia.png */; };
		4888F5D1217F7C60005EA28A /* chickenwings_sticker.png in Resources */ = {isa = PBXBuildFile; fileRef = 4888F5A1217F7C5B005EA28A /* chickenwings_sticker.png */; };
		4888F5D2217F7C60005EA28A /* burgers_sticker.png in Resources */ = {isa = PBXBuildFile; fileRef = 4888F5A2217F7C5B005EA28A /* burgers_sticker.png */; };
		4888F5D3217F7C60005EA28A /* coffee_sticker.png in Resources */ = {isa = PBXBuildFile; fileRef = 4888F5A3217F7C5C005EA28A /* coffee_sticker.png */; };
		4888F5D4217F7C60005EA28A /* thumbsUp_selected.png in Resources */ = {isa = PBXBuildFile; fileRef = 4888F5A4217F7C5C005EA28A /* thumbsUp_selected.png */; };
		4888F5D5217F7C60005EA28A /* burger_sticker.png in Resources */ = {isa = PBXBuildFile; fileRef = 4888F5A5217F7C5C005EA28A /* burger_sticker.png */; };
		4888F5D6217F7C60005EA28A /* ramen_sticker.png in Resources */ = {isa = PBXBuildFile; fileRef = 4888F5A6217F7C5C005EA28A /* ramen_sticker.png */; };
		4888F5D7217F7C60005EA28A /* fishnchips_sticker.png in Resources */ = {isa = PBXBuildFile; fileRef = 4888F5A7217F7C5D005EA28A /* fishnchips_sticker.png */; };
		4888F5D8217F7C60005EA28A /* burger_big_sticker.png in Resources */ = {isa = PBXBuildFile; fileRef = 4888F5A8217F7C5D005EA28A /* burger_big_sticker.png */; };
		4888F5D9217F7C60005EA28A /* hotdog_sticker.png in Resources */ = {isa = PBXBuildFile; fileRef = 4888F5A9217F7C5D005EA28A /* hotdog_sticker.png */; };
		4888F5DA217F7C60005EA28A /* asianfusion_sticker.png in Resources */ = {isa = PBXBuildFile; fileRef = 4888F5AA217F7C5D005EA28A /* asianfusion_sticker.png */; };
		4888F5DB217F7C60005EA28A /* jazz_sticker.png in Resources */ = {isa = PBXBuildFile; fileRef = 4888F5AB217F7C5D005EA28A /* jazz_sticker.png */; };
		4888F5DC217F7C60005EA28A /* bbq_sticker.png in Resources */ = {isa = PBXBuildFile; fileRef = 4888F5AC217F7C5D005EA28A /* bbq_sticker.png */; };
		4888F5DD217F7C60005EA28A /* mexican_sticker.png in Resources */ = {isa = PBXBuildFile; fileRef = 4888F5AD217F7C5D005EA28A /* mexican_sticker.png */; };
		4888F5DE217F7C60005EA28A /* spanish_sticker.png in Resources */ = {isa = PBXBuildFile; fileRef = 4888F5AE217F7C5E005EA28A /* spanish_sticker.png */; };
		4888F5DF217F7C60005EA28A /* pint.png in Resources */ = {isa = PBXBuildFile; fileRef = 4888F5AF217F7C5E005EA28A /* pint.png */; };
		4888F5E0217F7C60005EA28A /* thai_sticker.png in Resources */ = {isa = PBXBuildFile; fileRef = 4888F5B0217F7C5E005EA28A /* thai_sticker.png */; };
		4888F5E1217F7C60005EA28A /* korean_sticker.png in Resources */ = {isa = PBXBuildFile; fileRef = 4888F5B1217F7C5E005EA28A /* korean_sticker.png */; };
		4888F5E2217F7C60005EA28A /* seafood_sticker.png in Resources */ = {isa = PBXBuildFile; fileRef = 4888F5B2217F7C5E005EA28A /* seafood_sticker.png */; };
		4888F5E3217F7C60005EA28A /* thumbsUp_unselected.png in Resources */ = {isa = PBXBuildFile; fileRef = 4888F5B3217F7C5E005EA28A /* thumbsUp_unselected.png */; };
		4888F5E4217F7C60005EA28A /* cuban_sticker.png in Resources */ = {isa = PBXBuildFile; fileRef = 4888F5B4217F7C5E005EA28A /* cuban_sticker.png */; };
		4888F5E5217F7C60005EA28A /* american_sticker.png in Resources */ = {isa = PBXBuildFile; fileRef = 4888F5B5217F7C5E005EA28A /* american_sticker.png */; };
		4888F5E6217F7C60005EA28A /* deli_sticker.png in Resources */ = {isa = PBXBuildFile; fileRef = 4888F5B6217F7C5F005EA28A /* deli_sticker.png */; };
		4888F5E7217F7C60005EA28A /* breakfastBrunch_sticker.png in Resources */ = {isa = PBXBuildFile; fileRef = 4888F5B7217F7C5F005EA28A /* breakfastBrunch_sticker.png */; };
		4888F5E8217F7C60005EA28A /* coffee.png in Resources */ = {isa = PBXBuildFile; fileRef = 4888F5B8217F7C5F005EA28A /* coffee.png */; };
		4888F5E9217F7C60005EA28A /* mediterranean_sticker.png in Resources */ = {isa = PBXBuildFile; fileRef = 4888F5B9217F7C5F005EA28A /* mediterranean_sticker.png */; };
		4888F5EA217F7C60005EA28A /* german_sticker.png in Resources */ = {isa = PBXBuildFile; fileRef = 4888F5BA217F7C5F005EA28A /* german_sticker.png */; };
		4888F5EB217F7C60005EA28A /* czech_sticker.png in Resources */ = {isa = PBXBuildFile; fileRef = 4888F5BB217F7C5F005EA28A /* czech_sticker.png */; };
		4888F5EC217F7C60005EA28A /* japanese_sticker.png in Resources */ = {isa = PBXBuildFile; fileRef = 4888F5BC217F7C5F005EA28A /* japanese_sticker.png */; };
		4888F5ED217F7C60005EA28A /* french_sticker.png in Resources */ = {isa = PBXBuildFile; fileRef = 4888F5BD217F7C5F005EA28A /* french_sticker.png */; };
		4888F5EE217F7C60005EA28A /* desserts_sticker.png in Resources */ = {isa = PBXBuildFile; fileRef = 4888F5BE217F7C60005EA28A /* desserts_sticker.png */; };
		4888F5EF217F7C60005EA28A /* donuts_sticker.png in Resources */ = {isa = PBXBuildFile; fileRef = 4888F5BF217F7C60005EA28A /* donuts_sticker.png */; };
		4888F5F3217F7CEA005EA28A /* steak_sticker.png in Resources */ = {isa = PBXBuildFile; fileRef = 4888F5F0217F7CE9005EA28A /* steak_sticker.png */; };
		4888F5F4217F7CEA005EA28A /* sushi_sticker.png in Resources */ = {isa = PBXBuildFile; fileRef = 4888F5F1217F7CE9005EA28A /* sushi_sticker.png */; };
		4888F5F5217F7CEA005EA28A /* vegetarian_sticker.png in Resources */ = {isa = PBXBuildFile; fileRef = 4888F5F2217F7CE9005EA28A /* vegetarian_sticker.png */; };
		4888F5F7217F7CFF005EA28A /* italian_sticker.png in Resources */ = {isa = PBXBuildFile; fileRef = 4888F5F6217F7CFE005EA28A /* italian_sticker.png */; };
		4888F5F9217F7D0D005EA28A /* greek_sticker.png in Resources */ = {isa = PBXBuildFile; fileRef = 4888F5F8217F7D0D005EA28A /* greek_sticker.png */; };
		4888F5FB217F7D19005EA28A /* cheese_sticker.png in Resources */ = {isa = PBXBuildFile; fileRef = 4888F5FA217F7D19005EA28A /* cheese_sticker.png */; };
		4888F5FE217F7D2B005EA28A /* bars_sticker.png in Resources */ = {isa = PBXBuildFile; fileRef = 4888F5FC217F7D2A005EA28A /* bars_sticker.png */; };
		4888F5FF217F7D2B005EA28A /* bakery_sticker.png in Resources */ = {isa = PBXBuildFile; fileRef = 4888F5FD217F7D2B005EA28A /* bakery_sticker.png */; };
		4888F601217F7D58005EA28A /* winebars_sticker.png in Resources */ = {isa = PBXBuildFile; fileRef = 4888F600217F7D57005EA28A /* winebars_sticker.png */; };
		4888F603217F7E0B005EA28A /* chickenshop_sticker.png in Resources */ = {isa = PBXBuildFile; fileRef = 4888F602217F7E0A005EA28A /* chickenshop_sticker.png */; };
		4888F605217F7E76005EA28A /* sandwiches_sticker.png in Resources */ = {isa = PBXBuildFile; fileRef = 4888F604217F7E76005EA28A /* sandwiches_sticker.png */; };
		4888F607217F7F0B005EA28A /* chinese_sticker.png in Resources */ = {isa = PBXBuildFile; fileRef = 4888F606217F7F0B005EA28A /* chinese_sticker.png */; };
		4888F609217F806C005EA28A /* cocktailBars_sticker.png in Resources */ = {isa = PBXBuildFile; fileRef = 4888F608217F806B005EA28A /* cocktailBars_sticker.png */; };
		4888F60B2180C4CE005EA28A /* MainMenuViewController.swift in Sources */ = {isa = PBXBuildFile; fileRef = 4888F60A2180C4CE005EA28A /* MainMenuViewController.swift */; };
		4888F60D2180D06D005EA28A /* VotingHeader.swift in Sources */ = {isa = PBXBuildFile; fileRef = 4888F60C2180D06D005EA28A /* VotingHeader.swift */; };
		4888F60F2180E311005EA28A /* RestaurantInfo.swift in Sources */ = {isa = PBXBuildFile; fileRef = 4888F60E2180E311005EA28A /* RestaurantInfo.swift */; };
		48B14F4C2155A4A300A05FEF /* YelpRequest.swift in Sources */ = {isa = PBXBuildFile; fileRef = 48B14F4A2155A4A300A05FEF /* YelpRequest.swift */; };
		48B14F4F2155A61700A05FEF /* Restaurant.swift in Sources */ = {isa = PBXBuildFile; fileRef = 48B14F4D2155A61700A05FEF /* Restaurant.swift */; };
		48B14F522155DA0100A05FEF /* CurrentLocation.swift in Sources */ = {isa = PBXBuildFile; fileRef = 48B14F502155DA0100A05FEF /* CurrentLocation.swift */; };
		B52828AD1CD1724C009CD776 /* AppDelegate.swift in Sources */ = {isa = PBXBuildFile; fileRef = B52828AC1CD1724C009CD776 /* AppDelegate.swift */; };
		B52828AF1CD1724C009CD776 /* ViewController.swift in Sources */ = {isa = PBXBuildFile; fileRef = B52828AE1CD1724C009CD776 /* ViewController.swift */; };
		B52828B21CD1724C009CD776 /* Main.storyboard in Resources */ = {isa = PBXBuildFile; fileRef = B52828B01CD1724C009CD776 /* Main.storyboard */; };
		B52828B41CD1724C009CD776 /* Assets.xcassets in Resources */ = {isa = PBXBuildFile; fileRef = B52828B31CD1724C009CD776 /* Assets.xcassets */; };
		B52828B71CD1724C009CD776 /* LaunchScreen.storyboard in Resources */ = {isa = PBXBuildFile; fileRef = B52828B51CD1724C009CD776 /* LaunchScreen.storyboard */; };
		B55F96251CFF829D00B33E33 /* Messages.framework in Frameworks */ = {isa = PBXBuildFile; fileRef = B52828C41CD17260009CD776 /* Messages.framework */; };
		B55F96281CFF829D00B33E33 /* MessagesViewController.swift in Sources */ = {isa = PBXBuildFile; fileRef = B55F96271CFF829D00B33E33 /* MessagesViewController.swift */; };
		B55F962B1CFF829D00B33E33 /* MainInterface.storyboard in Resources */ = {isa = PBXBuildFile; fileRef = B55F96291CFF829D00B33E33 /* MainInterface.storyboard */; };
		B55F962D1CFF829D00B33E33 /* Assets.xcassets in Resources */ = {isa = PBXBuildFile; fileRef = B55F962C1CFF829D00B33E33 /* Assets.xcassets */; };
		B55F96311CFF829D00B33E33 /* IceCreamBuilderMessagesExtension.appex in Embed App Extensions */ = {isa = PBXBuildFile; fileRef = B55F96241CFF829D00B33E33 /* IceCreamBuilderMessagesExtension.appex */; settings = {ATTRIBUTES = (RemoveHeadersOnCopy, ); }; };
		B55F96421CFF82E100B33E33 /* RestaurantIcon.swift in Sources */ = {isa = PBXBuildFile; fileRef = B55F96361CFF82E100B33E33 /* RestaurantIcon.swift */; };
		B55F96431CFF82E100B33E33 /* IceCream+Image.swift in Sources */ = {isa = PBXBuildFile; fileRef = B55F96371CFF82E100B33E33 /* IceCream+Image.swift */; };
		B55F96451CFF82E100B33E33 /* IceCreamHistory.swift in Sources */ = {isa = PBXBuildFile; fileRef = B55F96391CFF82E100B33E33 /* IceCreamHistory.swift */; };
		B55F96471CFF82E100B33E33 /* IceCreamPart.swift in Sources */ = {isa = PBXBuildFile; fileRef = B55F963B1CFF82E100B33E33 /* IceCreamPart.swift */; };
		B55F964C1CFF82E100B33E33 /* QueryItemRepresentable.swift in Sources */ = {isa = PBXBuildFile; fileRef = B55F96401CFF82E100B33E33 /* QueryItemRepresentable.swift */; };
		B5A2FBA71D048F7800EB0205 /* sticker_placeholder.png in Resources */ = {isa = PBXBuildFile; fileRef = B5A2FBA61D048F7800EB0205 /* sticker_placeholder.png */; };
		B5B1E9F21D02717700BD5715 /* IceCreamStickerCache.swift in Sources */ = {isa = PBXBuildFile; fileRef = B5B1E9F11D02717700BD5715 /* IceCreamStickerCache.swift */; };
		B5E0A5691D01079C006A77D2 /* base01_sticker.png in Resources */ = {isa = PBXBuildFile; fileRef = B5E0A54E1D01079C006A77D2 /* base01_sticker.png */; };
		B5E0A56A1D01079C006A77D2 /* base02_sticker.png in Resources */ = {isa = PBXBuildFile; fileRef = B5E0A54F1D01079C006A77D2 /* base02_sticker.png */; };
		B5E0A56B1D01079C006A77D2 /* base03_sticker.png in Resources */ = {isa = PBXBuildFile; fileRef = B5E0A5501D01079C006A77D2 /* base03_sticker.png */; };
		B5E0A56C1D01079C006A77D2 /* base04_sticker.png in Resources */ = {isa = PBXBuildFile; fileRef = B5E0A5511D01079C006A77D2 /* base04_sticker.png */; };
		CE31F7E621D44840007EE827 /* LeaderVotingView.swift in Sources */ = {isa = PBXBuildFile; fileRef = CE31F7E521D44840007EE827 /* LeaderVotingView.swift */; };
		CE31F7E821D44EA7007EE827 /* LeaderVoteCell.swift in Sources */ = {isa = PBXBuildFile; fileRef = CE31F7E721D44EA7007EE827 /* LeaderVoteCell.swift */; };
		CE31F7ED21D462B8007EE827 /* TopThreeSelection.swift in Sources */ = {isa = PBXBuildFile; fileRef = CE31F7EC21D462B8007EE827 /* TopThreeSelection.swift */; };
		CE31F7EF21D46809007EE827 /* Categories.swift in Sources */ = {isa = PBXBuildFile; fileRef = CE31F7EE21D46809007EE827 /* Categories.swift */; };
		CE5CFC6D21D7166D002A7BCD /* ParticipantVoteCell.swift in Sources */ = {isa = PBXBuildFile; fileRef = CE5CFC6C21D7166D002A7BCD /* ParticipantVoteCell.swift */; };
		CE5CFC6F21D716DE002A7BCD /* ParticipantViewController.swift in Sources */ = {isa = PBXBuildFile; fileRef = CE5CFC6E21D716DE002A7BCD /* ParticipantViewController.swift */; };
		CE5CFC7121D726B5002A7BCD /* Screen.swift in Sources */ = {isa = PBXBuildFile; fileRef = CE5CFC7021D726B5002A7BCD /* Screen.swift */; };
/* End PBXBuildFile section */

/* Begin PBXContainerItemProxy section */
		B55F962F1CFF829D00B33E33 /* PBXContainerItemProxy */ = {
			isa = PBXContainerItemProxy;
			containerPortal = B52828A11CD1724C009CD776 /* Project object */;
			proxyType = 1;
			remoteGlobalIDString = B55F96231CFF829D00B33E33;
			remoteInfo = IceCreamBuilderMessagesExtension;
		};
/* End PBXContainerItemProxy section */

/* Begin PBXCopyFilesBuildPhase section */
		B52828D51CD17260009CD776 /* Embed App Extensions */ = {
			isa = PBXCopyFilesBuildPhase;
			buildActionMask = 2147483647;
			dstPath = "";
			dstSubfolderSpec = 13;
			files = (
				B55F96311CFF829D00B33E33 /* IceCreamBuilderMessagesExtension.appex in Embed App Extensions */,
			);
			name = "Embed App Extensions";
			runOnlyForDeploymentPostprocessing = 0;
		};
/* End PBXCopyFilesBuildPhase section */

/* Begin PBXFileReference section */
		4806D7602183B80300FC5912 /* Participant.swift */ = {isa = PBXFileReference; lastKnownFileType = sourcecode.swift; path = Participant.swift; sourceTree = "<group>"; };
		4806D7622183C2C100FC5912 /* AppState.swift */ = {isa = PBXFileReference; lastKnownFileType = sourcecode.swift; path = AppState.swift; sourceTree = "<group>"; };
		4806D7642183D8C300FC5912 /* WaitingViewController.swift */ = {isa = PBXFileReference; lastKnownFileType = sourcecode.swift; path = WaitingViewController.swift; sourceTree = "<group>"; };
		4806D76621862B0300FC5912 /* Cacher.swift */ = {isa = PBXFileReference; lastKnownFileType = sourcecode.swift; path = Cacher.swift; sourceTree = "<group>"; };
		4814047B217D505C00124E76 /* ThumbUp.swift */ = {isa = PBXFileReference; lastKnownFileType = sourcecode.swift; path = ThumbUp.swift; sourceTree = "<group>"; };
		48163197217ED33D0003F334 /* Map.swift */ = {isa = PBXFileReference; fileEncoding = 4; lastKnownFileType = sourcecode.swift; path = Map.swift; sourceTree = "<group>"; };
		4816717D2157DF0000FB53D5 /* ForceTouchGestureRecognizer.swift */ = {isa = PBXFileReference; lastKnownFileType = sourcecode.swift; path = ForceTouchGestureRecognizer.swift; sourceTree = "<group>"; };
		482045792155EBE900989507 /* StickersNearby.swift */ = {isa = PBXFileReference; lastKnownFileType = sourcecode.swift; path = StickersNearby.swift; sourceTree = "<group>"; };
		4833314B215EDAFB00FD997D /* RestaurantsNearby.swift */ = {isa = PBXFileReference; lastKnownFileType = sourcecode.swift; path = RestaurantsNearby.swift; sourceTree = "<group>"; };
		4852138C218B673000517D65 /* RestaurantCategory.swift */ = {isa = PBXFileReference; lastKnownFileType = sourcecode.swift; path = RestaurantCategory.swift; sourceTree = "<group>"; };
		4888F590217F7C59005EA28A /* russian_sticker.png */ = {isa = PBXFileReference; lastKnownFileType = image.png; path = russian_sticker.png; sourceTree = "<group>"; };
		4888F591217F7C59005EA28A /* icecream_sticker.png */ = {isa = PBXFileReference; lastKnownFileType = image.png; path = icecream_sticker.png; sourceTree = "<group>"; };
		4888F592217F7C59005EA28A /* thumbsDown_selected.png */ = {isa = PBXFileReference; lastKnownFileType = image.png; path = thumbsDown_selected.png; sourceTree = "<group>"; };
		4888F593217F7C59005EA28A /* diet.png */ = {isa = PBXFileReference; lastKnownFileType = image.png; path = diet.png; sourceTree = "<group>"; };
		4888F594217F7C5A005EA28A /* bagels_sticker.png */ = {isa = PBXFileReference; lastKnownFileType = image.png; path = bagels_sticker.png; sourceTree = "<group>"; };
		4888F595217F7C5A005EA28A /* thumbsDown_unselected.png */ = {isa = PBXFileReference; lastKnownFileType = image.png; path = thumbsDown_unselected.png; sourceTree = "<group>"; };
		4888F596217F7C5A005EA28A /* bento_sticker.png */ = {isa = PBXFileReference; lastKnownFileType = image.png; path = bento_sticker.png; sourceTree = "<group>"; };
		4888F597217F7C5A005EA28A /* brazilian_sticker.png */ = {isa = PBXFileReference; lastKnownFileType = image.png; path = brazilian_sticker.png; sourceTree = "<group>"; };
		4888F598217F7C5A005EA28A /* gourmet_sticker.png */ = {isa = PBXFileReference; lastKnownFileType = image.png; path = gourmet_sticker.png; sourceTree = "<group>"; };
		4888F599217F7C5A005EA28A /* hawaiian_sticker.png */ = {isa = PBXFileReference; lastKnownFileType = image.png; path = hawaiian_sticker.png; sourceTree = "<group>"; };
		4888F59B217F7C5A005EA28A /* tapas_sticker.png */ = {isa = PBXFileReference; lastKnownFileType = image.png; path = tapas_sticker.png; sourceTree = "<group>"; };
		4888F59C217F7C5A005EA28A /* tea_sticker.png */ = {isa = PBXFileReference; lastKnownFileType = image.png; path = tea_sticker.png; sourceTree = "<group>"; };
		4888F59D217F7C5B005EA28A /* pizza_sticker.png */ = {isa = PBXFileReference; lastKnownFileType = image.png; path = pizza_sticker.png; sourceTree = "<group>"; };
		4888F59E217F7C5B005EA28A /* falafel_sticker.png */ = {isa = PBXFileReference; lastKnownFileType = image.png; path = falafel_sticker.png; sourceTree = "<group>"; };
		4888F59F217F7C5B005EA28A /* foodstand_sticker.png */ = {isa = PBXFileReference; lastKnownFileType = image.png; path = foodstand_sticker.png; sourceTree = "<group>"; };
		4888F5A0217F7C5B005EA28A /* russia.png */ = {isa = PBXFileReference; lastKnownFileType = image.png; path = russia.png; sourceTree = "<group>"; };
		4888F5A1217F7C5B005EA28A /* chickenwings_sticker.png */ = {isa = PBXFileReference; lastKnownFileType = image.png; path = chickenwings_sticker.png; sourceTree = "<group>"; };
		4888F5A2217F7C5B005EA28A /* burgers_sticker.png */ = {isa = PBXFileReference; lastKnownFileType = image.png; path = burgers_sticker.png; sourceTree = "<group>"; };
		4888F5A3217F7C5C005EA28A /* coffee_sticker.png */ = {isa = PBXFileReference; lastKnownFileType = image.png; path = coffee_sticker.png; sourceTree = "<group>"; };
		4888F5A4217F7C5C005EA28A /* thumbsUp_selected.png */ = {isa = PBXFileReference; lastKnownFileType = image.png; path = thumbsUp_selected.png; sourceTree = "<group>"; };
		4888F5A5217F7C5C005EA28A /* burger_sticker.png */ = {isa = PBXFileReference; lastKnownFileType = image.png; path = burger_sticker.png; sourceTree = "<group>"; };
		4888F5A6217F7C5C005EA28A /* ramen_sticker.png */ = {isa = PBXFileReference; lastKnownFileType = image.png; path = ramen_sticker.png; sourceTree = "<group>"; };
		4888F5A7217F7C5D005EA28A /* fishnchips_sticker.png */ = {isa = PBXFileReference; lastKnownFileType = image.png; path = fishnchips_sticker.png; sourceTree = "<group>"; };
		4888F5A8217F7C5D005EA28A /* burger_big_sticker.png */ = {isa = PBXFileReference; lastKnownFileType = image.png; path = burger_big_sticker.png; sourceTree = "<group>"; };
		4888F5A9217F7C5D005EA28A /* hotdog_sticker.png */ = {isa = PBXFileReference; lastKnownFileType = image.png; path = hotdog_sticker.png; sourceTree = "<group>"; };
		4888F5AA217F7C5D005EA28A /* asianfusion_sticker.png */ = {isa = PBXFileReference; lastKnownFileType = image.png; path = asianfusion_sticker.png; sourceTree = "<group>"; };
		4888F5AB217F7C5D005EA28A /* jazz_sticker.png */ = {isa = PBXFileReference; lastKnownFileType = image.png; path = jazz_sticker.png; sourceTree = "<group>"; };
		4888F5AC217F7C5D005EA28A /* bbq_sticker.png */ = {isa = PBXFileReference; lastKnownFileType = image.png; path = bbq_sticker.png; sourceTree = "<group>"; };
		4888F5AD217F7C5D005EA28A /* mexican_sticker.png */ = {isa = PBXFileReference; lastKnownFileType = image.png; path = mexican_sticker.png; sourceTree = "<group>"; };
		4888F5AE217F7C5E005EA28A /* spanish_sticker.png */ = {isa = PBXFileReference; lastKnownFileType = image.png; path = spanish_sticker.png; sourceTree = "<group>"; };
		4888F5AF217F7C5E005EA28A /* pint.png */ = {isa = PBXFileReference; lastKnownFileType = image.png; path = pint.png; sourceTree = "<group>"; };
		4888F5B0217F7C5E005EA28A /* thai_sticker.png */ = {isa = PBXFileReference; lastKnownFileType = image.png; path = thai_sticker.png; sourceTree = "<group>"; };
		4888F5B1217F7C5E005EA28A /* korean_sticker.png */ = {isa = PBXFileReference; lastKnownFileType = image.png; path = korean_sticker.png; sourceTree = "<group>"; };
		4888F5B2217F7C5E005EA28A /* seafood_sticker.png */ = {isa = PBXFileReference; lastKnownFileType = image.png; path = seafood_sticker.png; sourceTree = "<group>"; };
		4888F5B3217F7C5E005EA28A /* thumbsUp_unselected.png */ = {isa = PBXFileReference; lastKnownFileType = image.png; path = thumbsUp_unselected.png; sourceTree = "<group>"; };
		4888F5B4217F7C5E005EA28A /* cuban_sticker.png */ = {isa = PBXFileReference; lastKnownFileType = image.png; path = cuban_sticker.png; sourceTree = "<group>"; };
		4888F5B5217F7C5E005EA28A /* american_sticker.png */ = {isa = PBXFileReference; lastKnownFileType = image.png; path = american_sticker.png; sourceTree = "<group>"; };
		4888F5B6217F7C5F005EA28A /* deli_sticker.png */ = {isa = PBXFileReference; lastKnownFileType = image.png; path = deli_sticker.png; sourceTree = "<group>"; };
		4888F5B7217F7C5F005EA28A /* breakfastBrunch_sticker.png */ = {isa = PBXFileReference; lastKnownFileType = image.png; path = breakfastBrunch_sticker.png; sourceTree = "<group>"; };
		4888F5B8217F7C5F005EA28A /* coffee.png */ = {isa = PBXFileReference; lastKnownFileType = image.png; path = coffee.png; sourceTree = "<group>"; };
		4888F5B9217F7C5F005EA28A /* mediterranean_sticker.png */ = {isa = PBXFileReference; lastKnownFileType = image.png; path = mediterranean_sticker.png; sourceTree = "<group>"; };
		4888F5BA217F7C5F005EA28A /* german_sticker.png */ = {isa = PBXFileReference; lastKnownFileType = image.png; path = german_sticker.png; sourceTree = "<group>"; };
		4888F5BB217F7C5F005EA28A /* czech_sticker.png */ = {isa = PBXFileReference; lastKnownFileType = image.png; path = czech_sticker.png; sourceTree = "<group>"; };
		4888F5BC217F7C5F005EA28A /* japanese_sticker.png */ = {isa = PBXFileReference; lastKnownFileType = image.png; path = japanese_sticker.png; sourceTree = "<group>"; };
		4888F5BD217F7C5F005EA28A /* french_sticker.png */ = {isa = PBXFileReference; lastKnownFileType = image.png; path = french_sticker.png; sourceTree = "<group>"; };
		4888F5BE217F7C60005EA28A /* desserts_sticker.png */ = {isa = PBXFileReference; lastKnownFileType = image.png; path = desserts_sticker.png; sourceTree = "<group>"; };
		4888F5BF217F7C60005EA28A /* donuts_sticker.png */ = {isa = PBXFileReference; lastKnownFileType = image.png; path = donuts_sticker.png; sourceTree = "<group>"; };
		4888F5F0217F7CE9005EA28A /* steak_sticker.png */ = {isa = PBXFileReference; lastKnownFileType = image.png; path = steak_sticker.png; sourceTree = "<group>"; };
		4888F5F1217F7CE9005EA28A /* sushi_sticker.png */ = {isa = PBXFileReference; lastKnownFileType = image.png; path = sushi_sticker.png; sourceTree = "<group>"; };
		4888F5F2217F7CE9005EA28A /* vegetarian_sticker.png */ = {isa = PBXFileReference; lastKnownFileType = image.png; path = vegetarian_sticker.png; sourceTree = "<group>"; };
		4888F5F6217F7CFE005EA28A /* italian_sticker.png */ = {isa = PBXFileReference; lastKnownFileType = image.png; path = italian_sticker.png; sourceTree = "<group>"; };
		4888F5F8217F7D0D005EA28A /* greek_sticker.png */ = {isa = PBXFileReference; lastKnownFileType = image.png; path = greek_sticker.png; sourceTree = "<group>"; };
		4888F5FA217F7D19005EA28A /* cheese_sticker.png */ = {isa = PBXFileReference; lastKnownFileType = image.png; path = cheese_sticker.png; sourceTree = "<group>"; };
		4888F5FC217F7D2A005EA28A /* bars_sticker.png */ = {isa = PBXFileReference; lastKnownFileType = image.png; path = bars_sticker.png; sourceTree = "<group>"; };
		4888F5FD217F7D2B005EA28A /* bakery_sticker.png */ = {isa = PBXFileReference; lastKnownFileType = image.png; path = bakery_sticker.png; sourceTree = "<group>"; };
		4888F600217F7D57005EA28A /* winebars_sticker.png */ = {isa = PBXFileReference; lastKnownFileType = image.png; path = winebars_sticker.png; sourceTree = "<group>"; };
		4888F602217F7E0A005EA28A /* chickenshop_sticker.png */ = {isa = PBXFileReference; lastKnownFileType = image.png; path = chickenshop_sticker.png; sourceTree = "<group>"; };
		4888F604217F7E76005EA28A /* sandwiches_sticker.png */ = {isa = PBXFileReference; lastKnownFileType = image.png; path = sandwiches_sticker.png; sourceTree = "<group>"; };
		4888F606217F7F0B005EA28A /* chinese_sticker.png */ = {isa = PBXFileReference; lastKnownFileType = image.png; path = chinese_sticker.png; sourceTree = "<group>"; };
		4888F608217F806B005EA28A /* cocktailBars_sticker.png */ = {isa = PBXFileReference; lastKnownFileType = image.png; path = cocktailBars_sticker.png; sourceTree = "<group>"; };
		4888F60A2180C4CE005EA28A /* MainMenuViewController.swift */ = {isa = PBXFileReference; lastKnownFileType = sourcecode.swift; path = MainMenuViewController.swift; sourceTree = "<group>"; };
		4888F60C2180D06D005EA28A /* VotingHeader.swift */ = {isa = PBXFileReference; lastKnownFileType = sourcecode.swift; path = VotingHeader.swift; sourceTree = "<group>"; };
		4888F60E2180E311005EA28A /* RestaurantInfo.swift */ = {isa = PBXFileReference; lastKnownFileType = sourcecode.swift; path = RestaurantInfo.swift; sourceTree = "<group>"; };
		48B14F4A2155A4A300A05FEF /* YelpRequest.swift */ = {isa = PBXFileReference; lastKnownFileType = sourcecode.swift; path = YelpRequest.swift; sourceTree = "<group>"; };
		48B14F4D2155A61700A05FEF /* Restaurant.swift */ = {isa = PBXFileReference; lastKnownFileType = sourcecode.swift; path = Restaurant.swift; sourceTree = "<group>"; };
		48B14F502155DA0100A05FEF /* CurrentLocation.swift */ = {isa = PBXFileReference; lastKnownFileType = sourcecode.swift; path = CurrentLocation.swift; sourceTree = "<group>"; };
		A4D44100A4D441D000000001 /* SampleCode.xcconfig */ = {isa = PBXFileReference; lastKnownFileType = text.xcconfig; name = SampleCode.xcconfig; path = Configuration/SampleCode.xcconfig; sourceTree = "<group>"; };
		A4E3BEA0A4E3BEF000000001 /* LICENSE.txt */ = {isa = PBXFileReference; includeInIndex = 1; lastKnownFileType = text; path = LICENSE.txt; sourceTree = "<group>"; };
		B52828A91CD1724C009CD776 /* IceCreamBuilder.app */ = {isa = PBXFileReference; explicitFileType = wrapper.application; includeInIndex = 0; path = IceCreamBuilder.app; sourceTree = BUILT_PRODUCTS_DIR; };
		B52828AC1CD1724C009CD776 /* AppDelegate.swift */ = {isa = PBXFileReference; lastKnownFileType = sourcecode.swift; path = AppDelegate.swift; sourceTree = "<group>"; };
		B52828AE1CD1724C009CD776 /* ViewController.swift */ = {isa = PBXFileReference; lastKnownFileType = sourcecode.swift; path = ViewController.swift; sourceTree = "<group>"; };
		B52828B11CD1724C009CD776 /* Base */ = {isa = PBXFileReference; lastKnownFileType = file.storyboard; name = Base; path = Base.lproj/Main.storyboard; sourceTree = "<group>"; };
		B52828B31CD1724C009CD776 /* Assets.xcassets */ = {isa = PBXFileReference; lastKnownFileType = folder.assetcatalog; path = Assets.xcassets; sourceTree = "<group>"; };
		B52828B61CD1724C009CD776 /* Base */ = {isa = PBXFileReference; lastKnownFileType = file.storyboard; name = Base; path = Base.lproj/LaunchScreen.storyboard; sourceTree = "<group>"; };
		B52828B81CD1724C009CD776 /* Info.plist */ = {isa = PBXFileReference; lastKnownFileType = text.plist.xml; path = Info.plist; sourceTree = "<group>"; };
		B52828C41CD17260009CD776 /* Messages.framework */ = {isa = PBXFileReference; lastKnownFileType = wrapper.framework; name = Messages.framework; path = System/Library/Frameworks/Messages.framework; sourceTree = SDKROOT; };
		B55F96241CFF829D00B33E33 /* IceCreamBuilderMessagesExtension.appex */ = {isa = PBXFileReference; explicitFileType = "wrapper.app-extension"; includeInIndex = 0; path = IceCreamBuilderMessagesExtension.appex; sourceTree = BUILT_PRODUCTS_DIR; };
		B55F96271CFF829D00B33E33 /* MessagesViewController.swift */ = {isa = PBXFileReference; lastKnownFileType = sourcecode.swift; path = MessagesViewController.swift; sourceTree = "<group>"; };
		B55F962A1CFF829D00B33E33 /* Base */ = {isa = PBXFileReference; lastKnownFileType = file.storyboard; name = Base; path = Base.lproj/MainInterface.storyboard; sourceTree = "<group>"; };
		B55F962C1CFF829D00B33E33 /* Assets.xcassets */ = {isa = PBXFileReference; lastKnownFileType = folder.assetcatalog; path = Assets.xcassets; sourceTree = "<group>"; };
		B55F962E1CFF829D00B33E33 /* Info.plist */ = {isa = PBXFileReference; lastKnownFileType = text.plist.xml; path = Info.plist; sourceTree = "<group>"; };
		B55F96361CFF82E100B33E33 /* RestaurantIcon.swift */ = {isa = PBXFileReference; fileEncoding = 4; lastKnownFileType = sourcecode.swift; path = RestaurantIcon.swift; sourceTree = "<group>"; };
		B55F96371CFF82E100B33E33 /* IceCream+Image.swift */ = {isa = PBXFileReference; fileEncoding = 4; lastKnownFileType = sourcecode.swift; path = "IceCream+Image.swift"; sourceTree = "<group>"; };
		B55F96391CFF82E100B33E33 /* IceCreamHistory.swift */ = {isa = PBXFileReference; fileEncoding = 4; lastKnownFileType = sourcecode.swift; path = IceCreamHistory.swift; sourceTree = "<group>"; };
		B55F963B1CFF82E100B33E33 /* IceCreamPart.swift */ = {isa = PBXFileReference; fileEncoding = 4; lastKnownFileType = sourcecode.swift; path = IceCreamPart.swift; sourceTree = "<group>"; };
		B55F96401CFF82E100B33E33 /* QueryItemRepresentable.swift */ = {isa = PBXFileReference; fileEncoding = 4; lastKnownFileType = sourcecode.swift; path = QueryItemRepresentable.swift; sourceTree = "<group>"; };
		B5A2FBA61D048F7800EB0205 /* sticker_placeholder.png */ = {isa = PBXFileReference; lastKnownFileType = image.png; path = sticker_placeholder.png; sourceTree = "<group>"; };
		B5B1E9F11D02717700BD5715 /* IceCreamStickerCache.swift */ = {isa = PBXFileReference; fileEncoding = 4; lastKnownFileType = sourcecode.swift; path = IceCreamStickerCache.swift; sourceTree = "<group>"; };
		B5CE99031CF5AF210031942E /* README.md */ = {isa = PBXFileReference; lastKnownFileType = net.daringfireball.markdown; path = README.md; sourceTree = "<group>"; };
		B5E0A54E1D01079C006A77D2 /* base01_sticker.png */ = {isa = PBXFileReference; lastKnownFileType = image.png; path = base01_sticker.png; sourceTree = "<group>"; };
		B5E0A54F1D01079C006A77D2 /* base02_sticker.png */ = {isa = PBXFileReference; lastKnownFileType = image.png; path = base02_sticker.png; sourceTree = "<group>"; };
		B5E0A5501D01079C006A77D2 /* base03_sticker.png */ = {isa = PBXFileReference; lastKnownFileType = image.png; path = base03_sticker.png; sourceTree = "<group>"; };
		B5E0A5511D01079C006A77D2 /* base04_sticker.png */ = {isa = PBXFileReference; lastKnownFileType = image.png; path = base04_sticker.png; sourceTree = "<group>"; };
		CE31F7E521D44840007EE827 /* LeaderVotingView.swift */ = {isa = PBXFileReference; lastKnownFileType = sourcecode.swift; path = LeaderVotingView.swift; sourceTree = "<group>"; };
		CE31F7E721D44EA7007EE827 /* LeaderVoteCell.swift */ = {isa = PBXFileReference; lastKnownFileType = sourcecode.swift; path = LeaderVoteCell.swift; sourceTree = "<group>"; };
		CE31F7EC21D462B8007EE827 /* TopThreeSelection.swift */ = {isa = PBXFileReference; lastKnownFileType = sourcecode.swift; path = TopThreeSelection.swift; sourceTree = "<group>"; };
		CE31F7EE21D46809007EE827 /* Categories.swift */ = {isa = PBXFileReference; lastKnownFileType = sourcecode.swift; path = Categories.swift; sourceTree = "<group>"; };
		CE5CFC6C21D7166D002A7BCD /* ParticipantVoteCell.swift */ = {isa = PBXFileReference; lastKnownFileType = sourcecode.swift; path = ParticipantVoteCell.swift; sourceTree = "<group>"; };
		CE5CFC6E21D716DE002A7BCD /* ParticipantViewController.swift */ = {isa = PBXFileReference; lastKnownFileType = sourcecode.swift; path = ParticipantViewController.swift; sourceTree = "<group>"; };
		CE5CFC7021D726B5002A7BCD /* Screen.swift */ = {isa = PBXFileReference; lastKnownFileType = sourcecode.swift; path = Screen.swift; sourceTree = "<group>"; };
/* End PBXFileReference section */

/* Begin PBXFrameworksBuildPhase section */
		B52828A61CD1724C009CD776 /* Frameworks */ = {
			isa = PBXFrameworksBuildPhase;
			buildActionMask = 2147483647;
			files = (
			);
			runOnlyForDeploymentPostprocessing = 0;
		};
		B55F96211CFF829D00B33E33 /* Frameworks */ = {
			isa = PBXFrameworksBuildPhase;
			buildActionMask = 2147483647;
			files = (
				B55F96251CFF829D00B33E33 /* Messages.framework in Frameworks */,
			);
			runOnlyForDeploymentPostprocessing = 0;
		};
/* End PBXFrameworksBuildPhase section */

/* Begin PBXGroup section */
		A4D34180A4D340B000000001 /* Configuration */ = {
			isa = PBXGroup;
			children = (
				A4D44100A4D441D000000001 /* SampleCode.xcconfig */,
			);
			name = Configuration;
			sourceTree = "<group>";
		};
		A4E72A00A4E16CA000000001 /* LICENSE */ = {
			isa = PBXGroup;
			children = (
				A4E3BEA0A4E3BEF000000001 /* LICENSE.txt */,
			);
			path = LICENSE;
			sourceTree = "<group>";
		};
		B52828A01CD1724C009CD776 = {
			isa = PBXGroup;
			children = (
				B5CE99031CF5AF210031942E /* README.md */,
				B52828AB1CD1724C009CD776 /* IceCreamBuilder */,
				B55F96261CFF829D00B33E33 /* IceCreamBuilderMessagesExtension */,
				B52828C31CD17260009CD776 /* Frameworks */,
				B52828AA1CD1724C009CD776 /* Products */,
				A4D34180A4D340B000000001 /* Configuration */,
				A4E72A00A4E16CA000000001 /* LICENSE */,
			);
			sourceTree = "<group>";
		};
		B52828AA1CD1724C009CD776 /* Products */ = {
			isa = PBXGroup;
			children = (
				B52828A91CD1724C009CD776 /* IceCreamBuilder.app */,
				B55F96241CFF829D00B33E33 /* IceCreamBuilderMessagesExtension.appex */,
			);
			name = Products;
			sourceTree = "<group>";
		};
		B52828AB1CD1724C009CD776 /* IceCreamBuilder */ = {
			isa = PBXGroup;
			children = (
				B52828AC1CD1724C009CD776 /* AppDelegate.swift */,
				B52828AE1CD1724C009CD776 /* ViewController.swift */,
				B52828B01CD1724C009CD776 /* Main.storyboard */,
				B52828B31CD1724C009CD776 /* Assets.xcassets */,
				B52828B51CD1724C009CD776 /* LaunchScreen.storyboard */,
				B52828B81CD1724C009CD776 /* Info.plist */,
			);
			path = IceCreamBuilder;
			sourceTree = "<group>";
		};
		B52828C31CD17260009CD776 /* Frameworks */ = {
			isa = PBXGroup;
			children = (
				B52828C41CD17260009CD776 /* Messages.framework */,
			);
			name = Frameworks;
			sourceTree = "<group>";
		};
		B55F96261CFF829D00B33E33 /* IceCreamBuilderMessagesExtension */ = {
			isa = PBXGroup;
			children = (
				B55F96271CFF829D00B33E33 /* MessagesViewController.swift */,
				4888F60A2180C4CE005EA28A /* MainMenuViewController.swift */,
				4806D76621862B0300FC5912 /* Cacher.swift */,
				4806D7642183D8C300FC5912 /* WaitingViewController.swift */,
				48163197217ED33D0003F334 /* Map.swift */,
				CE31F7E521D44840007EE827 /* LeaderVotingView.swift */,
				CE31F7E721D44EA7007EE827 /* LeaderVoteCell.swift */,
				CE5CFC6E21D716DE002A7BCD /* ParticipantViewController.swift */,
				CE5CFC6C21D7166D002A7BCD /* ParticipantVoteCell.swift */,
				4888F60C2180D06D005EA28A /* VotingHeader.swift */,
				4806D7602183B80300FC5912 /* Participant.swift */,
				4806D7622183C2C100FC5912 /* AppState.swift */,
				B55F964D1CFF830700B33E33 /* Model */,
				B5E0A53C1D0103F0006A77D2 /* StickerPartImages */,
				B55F96291CFF829D00B33E33 /* MainInterface.storyboard */,
				B55F962C1CFF829D00B33E33 /* Assets.xcassets */,
				B55F962E1CFF829D00B33E33 /* Info.plist */,
				4816717D2157DF0000FB53D5 /* ForceTouchGestureRecognizer.swift */,
				4833314B215EDAFB00FD997D /* RestaurantsNearby.swift */,
				482045792155EBE900989507 /* StickersNearby.swift */,
				48B14F4A2155A4A300A05FEF /* YelpRequest.swift */,
				CE31F7EC21D462B8007EE827 /* TopThreeSelection.swift */,
				4888F60E2180E311005EA28A /* RestaurantInfo.swift */,
				4852138C218B673000517D65 /* RestaurantCategory.swift */,
				48B14F4D2155A61700A05FEF /* Restaurant.swift */,
				48B14F502155DA0100A05FEF /* CurrentLocation.swift */,
				4814047B217D505C00124E76 /* ThumbUp.swift */,
				CE31F7EE21D46809007EE827 /* Categories.swift */,
				CE5CFC7021D726B5002A7BCD /* Screen.swift */,
			);
			path = IceCreamBuilderMessagesExtension;
			sourceTree = "<group>";
		};
		B55F964D1CFF830700B33E33 /* Model */ = {
			isa = PBXGroup;
			children = (
				B55F96361CFF82E100B33E33 /* RestaurantIcon.swift */,
				B55F96371CFF82E100B33E33 /* IceCream+Image.swift */,
				B55F96391CFF82E100B33E33 /* IceCreamHistory.swift */,
				B55F963B1CFF82E100B33E33 /* IceCreamPart.swift */,
				B55F96401CFF82E100B33E33 /* QueryItemRepresentable.swift */,
				B5B1E9F11D02717700BD5715 /* IceCreamStickerCache.swift */,
			);
			name = Model;
			sourceTree = "<group>";
		};
		B5E0A53C1D0103F0006A77D2 /* StickerPartImages */ = {
			isa = PBXGroup;
			children = (
				B5E0A5841D0109D1006A77D2 /* Bases */,
				B5A2FBA61D048F7800EB0205 /* sticker_placeholder.png */,
			);
			path = StickerPartImages;
			sourceTree = "<group>";
		};
		B5E0A5841D0109D1006A77D2 /* Bases */ = {
			isa = PBXGroup;
			children = (
				4888F5B5217F7C5E005EA28A /* american_sticker.png */,
				4888F5AA217F7C5D005EA28A /* asianfusion_sticker.png */,
				4888F594217F7C5A005EA28A /* bagels_sticker.png */,
				4888F5FD217F7D2B005EA28A /* bakery_sticker.png */,
				4888F5FC217F7D2A005EA28A /* bars_sticker.png */,
				4888F5AC217F7C5D005EA28A /* bbq_sticker.png */,
				4888F596217F7C5A005EA28A /* bento_sticker.png */,
				4888F597217F7C5A005EA28A /* brazilian_sticker.png */,
				4888F5B7217F7C5F005EA28A /* breakfastBrunch_sticker.png */,
				4888F5A8217F7C5D005EA28A /* burger_big_sticker.png */,
				4888F5A5217F7C5C005EA28A /* burger_sticker.png */,
				4888F5A2217F7C5B005EA28A /* burgers_sticker.png */,
				4888F5FA217F7D19005EA28A /* cheese_sticker.png */,
				4888F602217F7E0A005EA28A /* chickenshop_sticker.png */,
				4888F5A1217F7C5B005EA28A /* chickenwings_sticker.png */,
				4888F606217F7F0B005EA28A /* chinese_sticker.png */,
				4888F608217F806B005EA28A /* cocktailBars_sticker.png */,
				4888F5A3217F7C5C005EA28A /* coffee_sticker.png */,
				4888F5B8217F7C5F005EA28A /* coffee.png */,
				4888F5B4217F7C5E005EA28A /* cuban_sticker.png */,
				4888F5BB217F7C5F005EA28A /* czech_sticker.png */,
				4888F5B6217F7C5F005EA28A /* deli_sticker.png */,
				4888F5BE217F7C60005EA28A /* desserts_sticker.png */,
				4888F593217F7C59005EA28A /* diet.png */,
				4888F5BF217F7C60005EA28A /* donuts_sticker.png */,
				4888F59E217F7C5B005EA28A /* falafel_sticker.png */,
				4888F5A7217F7C5D005EA28A /* fishnchips_sticker.png */,
				4888F59F217F7C5B005EA28A /* foodstand_sticker.png */,
				4888F5BD217F7C5F005EA28A /* french_sticker.png */,
				4888F5BA217F7C5F005EA28A /* german_sticker.png */,
				4888F598217F7C5A005EA28A /* gourmet_sticker.png */,
				4888F5F8217F7D0D005EA28A /* greek_sticker.png */,
				4888F599217F7C5A005EA28A /* hawaiian_sticker.png */,
				4888F5A9217F7C5D005EA28A /* hotdog_sticker.png */,
				4888F5F6217F7CFE005EA28A /* italian_sticker.png */,
				4888F591217F7C59005EA28A /* icecream_sticker.png */,
				4888F5BC217F7C5F005EA28A /* japanese_sticker.png */,
				4888F5AB217F7C5D005EA28A /* jazz_sticker.png */,
				4888F5B1217F7C5E005EA28A /* korean_sticker.png */,
				4888F5B9217F7C5F005EA28A /* mediterranean_sticker.png */,
				4888F5AD217F7C5D005EA28A /* mexican_sticker.png */,
				4888F5AF217F7C5E005EA28A /* pint.png */,
				4888F59D217F7C5B005EA28A /* pizza_sticker.png */,
				4888F5A6217F7C5C005EA28A /* ramen_sticker.png */,
				4888F5A0217F7C5B005EA28A /* russia.png */,
				4888F590217F7C59005EA28A /* russian_sticker.png */,
				4888F5B2217F7C5E005EA28A /* seafood_sticker.png */,
				4888F5F0217F7CE9005EA28A /* steak_sticker.png */,
				4888F5F1217F7CE9005EA28A /* sushi_sticker.png */,
				4888F604217F7E76005EA28A /* sandwiches_sticker.png */,
				4888F5AE217F7C5E005EA28A /* spanish_sticker.png */,
				4888F59B217F7C5A005EA28A /* tapas_sticker.png */,
				4888F59C217F7C5A005EA28A /* tea_sticker.png */,
				4888F5B0217F7C5E005EA28A /* thai_sticker.png */,
				4888F592217F7C59005EA28A /* thumbsDown_selected.png */,
				4888F595217F7C5A005EA28A /* thumbsDown_unselected.png */,
				4888F5A4217F7C5C005EA28A /* thumbsUp_selected.png */,
				4888F5B3217F7C5E005EA28A /* thumbsUp_unselected.png */,
				4888F5F2217F7CE9005EA28A /* vegetarian_sticker.png */,
				4888F600217F7D57005EA28A /* winebars_sticker.png */,
				B5E0A54E1D01079C006A77D2 /* base01_sticker.png */,
				B5E0A54F1D01079C006A77D2 /* base02_sticker.png */,
				B5E0A5501D01079C006A77D2 /* base03_sticker.png */,
				B5E0A5511D01079C006A77D2 /* base04_sticker.png */,
			);
			name = Bases;
			sourceTree = "<group>";
		};
/* End PBXGroup section */

/* Begin PBXNativeTarget section */
		B52828A81CD1724C009CD776 /* IceCreamBuilder */ = {
			isa = PBXNativeTarget;
			buildConfigurationList = B52828BB1CD1724C009CD776 /* Build configuration list for PBXNativeTarget "IceCreamBuilder" */;
			buildPhases = (
				B52828A51CD1724C009CD776 /* Sources */,
				B52828A61CD1724C009CD776 /* Frameworks */,
				B52828A71CD1724C009CD776 /* Resources */,
				B52828D51CD17260009CD776 /* Embed App Extensions */,
			);
			buildRules = (
			);
			dependencies = (
				B55F96301CFF829D00B33E33 /* PBXTargetDependency */,
			);
			name = IceCreamBuilder;
			productName = IceCreamBuilder;
			productReference = B52828A91CD1724C009CD776 /* IceCreamBuilder.app */;
			productType = "com.apple.product-type.application";
		};
		B55F96231CFF829D00B33E33 /* IceCreamBuilderMessagesExtension */ = {
			isa = PBXNativeTarget;
			buildConfigurationList = B55F96321CFF829D00B33E33 /* Build configuration list for PBXNativeTarget "IceCreamBuilderMessagesExtension" */;
			buildPhases = (
				B55F96201CFF829D00B33E33 /* Sources */,
				B55F96211CFF829D00B33E33 /* Frameworks */,
				B55F96221CFF829D00B33E33 /* Resources */,
			);
			buildRules = (
			);
			dependencies = (
			);
			name = IceCreamBuilderMessagesExtension;
			productName = IceCreamBuilderMessagesExtension;
			productReference = B55F96241CFF829D00B33E33 /* IceCreamBuilderMessagesExtension.appex */;
			productType = "com.apple.product-type.app-extension.messages";
		};
/* End PBXNativeTarget section */

/* Begin PBXProject section */
		B52828A11CD1724C009CD776 /* Project object */ = {
			isa = PBXProject;
			attributes = {
				LastSwiftUpdateCheck = 0800;
				LastUpgradeCheck = 0930;
				ORGANIZATIONNAME = Apple;
				TargetAttributes = {
					B52828A81CD1724C009CD776 = {
						CreatedOnToolsVersion = 8.0;
						DevelopmentTeam = WH3S96Y2LZ;
						LastSwiftMigration = 0930;
						ProvisioningStyle = Automatic;
					};
					B55F96231CFF829D00B33E33 = {
						CreatedOnToolsVersion = 8.0;
						DevelopmentTeam = WH3S96Y2LZ;
						LastSwiftMigration = 0930;
						ProvisioningStyle = Automatic;
					};
				};
			};
			buildConfigurationList = B52828A41CD1724C009CD776 /* Build configuration list for PBXProject "IceCreamBuilder" */;
			compatibilityVersion = "Xcode 3.2";
			developmentRegion = English;
			hasScannedForEncodings = 0;
			knownRegions = (
				en,
				Base,
			);
			mainGroup = B52828A01CD1724C009CD776;
			productRefGroup = B52828AA1CD1724C009CD776 /* Products */;
			projectDirPath = "";
			projectRoot = "";
			targets = (
				B52828A81CD1724C009CD776 /* IceCreamBuilder */,
				B55F96231CFF829D00B33E33 /* IceCreamBuilderMessagesExtension */,
			);
		};
/* End PBXProject section */

/* Begin PBXResourcesBuildPhase section */
		B52828A71CD1724C009CD776 /* Resources */ = {
			isa = PBXResourcesBuildPhase;
			buildActionMask = 2147483647;
			files = (
				B52828B71CD1724C009CD776 /* LaunchScreen.storyboard in Resources */,
				B52828B41CD1724C009CD776 /* Assets.xcassets in Resources */,
				B52828B21CD1724C009CD776 /* Main.storyboard in Resources */,
			);
			runOnlyForDeploymentPostprocessing = 0;
		};
		B55F96221CFF829D00B33E33 /* Resources */ = {
			isa = PBXResourcesBuildPhase;
			buildActionMask = 2147483647;
			files = (
				4888F5DC217F7C60005EA28A /* bbq_sticker.png in Resources */,
				4888F5CE217F7C60005EA28A /* falafel_sticker.png in Resources */,
				4888F5C0217F7C60005EA28A /* russian_sticker.png in Resources */,
				4888F5EC217F7C60005EA28A /* japanese_sticker.png in Resources */,
				4888F5D6217F7C60005EA28A /* ramen_sticker.png in Resources */,
				4888F5C9217F7C60005EA28A /* hawaiian_sticker.png in Resources */,
				B55F962D1CFF829D00B33E33 /* Assets.xcassets in Resources */,
				4888F5DD217F7C60005EA28A /* mexican_sticker.png in Resources */,
				4888F5D0217F7C60005EA28A /* russia.png in Resources */,
				4888F5DA217F7C60005EA28A /* asianfusion_sticker.png in Resources */,
				4888F5F4217F7CEA005EA28A /* sushi_sticker.png in Resources */,
				B5E0A5691D01079C006A77D2 /* base01_sticker.png in Resources */,
				4888F601217F7D58005EA28A /* winebars_sticker.png in Resources */,
				4888F5CF217F7C60005EA28A /* foodstand_sticker.png in Resources */,
				B5E0A56C1D01079C006A77D2 /* base04_sticker.png in Resources */,
				4888F5CB217F7C60005EA28A /* tapas_sticker.png in Resources */,
				4888F5FE217F7D2B005EA28A /* bars_sticker.png in Resources */,
				4888F5D5217F7C60005EA28A /* burger_sticker.png in Resources */,
				B5E0A56A1D01079C006A77D2 /* base02_sticker.png in Resources */,
				4888F609217F806C005EA28A /* cocktailBars_sticker.png in Resources */,
				4888F5C5217F7C60005EA28A /* thumbsDown_unselected.png in Resources */,
				4888F5E0217F7C60005EA28A /* thai_sticker.png in Resources */,
				4888F5D2217F7C60005EA28A /* burgers_sticker.png in Resources */,
				4888F5C7217F7C60005EA28A /* brazilian_sticker.png in Resources */,
				4888F5F9217F7D0D005EA28A /* greek_sticker.png in Resources */,
				4888F607217F7F0B005EA28A /* chinese_sticker.png in Resources */,
				4888F5E5217F7C60005EA28A /* american_sticker.png in Resources */,
				4888F5FB217F7D19005EA28A /* cheese_sticker.png in Resources */,
				4888F5ED217F7C60005EA28A /* french_sticker.png in Resources */,
				4888F5DB217F7C60005EA28A /* jazz_sticker.png in Resources */,
				4888F5C4217F7C60005EA28A /* bagels_sticker.png in Resources */,
				4888F5E8217F7C60005EA28A /* coffee.png in Resources */,
				4888F5E1217F7C60005EA28A /* korean_sticker.png in Resources */,
				4888F5EB217F7C60005EA28A /* czech_sticker.png in Resources */,
				B5E0A56B1D01079C006A77D2 /* base03_sticker.png in Resources */,
				4888F5D4217F7C60005EA28A /* thumbsUp_selected.png in Resources */,
				4888F5D9217F7C60005EA28A /* hotdog_sticker.png in Resources */,
				4888F5E7217F7C60005EA28A /* breakfastBrunch_sticker.png in Resources */,
				4888F5F3217F7CEA005EA28A /* steak_sticker.png in Resources */,
				4888F605217F7E76005EA28A /* sandwiches_sticker.png in Resources */,
				4888F5DF217F7C60005EA28A /* pint.png in Resources */,
				4888F5F5217F7CEA005EA28A /* vegetarian_sticker.png in Resources */,
				4888F603217F7E0B005EA28A /* chickenshop_sticker.png in Resources */,
				4888F5DE217F7C60005EA28A /* spanish_sticker.png in Resources */,
				B55F962B1CFF829D00B33E33 /* MainInterface.storyboard in Resources */,
				4888F5FF217F7D2B005EA28A /* bakery_sticker.png in Resources */,
				4888F5EE217F7C60005EA28A /* desserts_sticker.png in Resources */,
				B5A2FBA71D048F7800EB0205 /* sticker_placeholder.png in Resources */,
				4888F5C3217F7C60005EA28A /* diet.png in Resources */,
				4888F5D1217F7C60005EA28A /* chickenwings_sticker.png in Resources */,
				4888F5E9217F7C60005EA28A /* mediterranean_sticker.png in Resources */,
				4888F5D7217F7C60005EA28A /* fishnchips_sticker.png in Resources */,
				4888F5C1217F7C60005EA28A /* icecream_sticker.png in Resources */,
				4888F5D3217F7C60005EA28A /* coffee_sticker.png in Resources */,
				4888F5C6217F7C60005EA28A /* bento_sticker.png in Resources */,
				4888F5C2217F7C60005EA28A /* thumbsDown_selected.png in Resources */,
				4888F5E4217F7C60005EA28A /* cuban_sticker.png in Resources */,
				4888F5CD217F7C60005EA28A /* pizza_sticker.png in Resources */,
				4888F5CC217F7C60005EA28A /* tea_sticker.png in Resources */,
				4888F5E2217F7C60005EA28A /* seafood_sticker.png in Resources */,
				4888F5EA217F7C60005EA28A /* german_sticker.png in Resources */,
				4888F5F7217F7CFF005EA28A /* italian_sticker.png in Resources */,
				4888F5C8217F7C60005EA28A /* gourmet_sticker.png in Resources */,
				4888F5EF217F7C60005EA28A /* donuts_sticker.png in Resources */,
				4888F5E6217F7C60005EA28A /* deli_sticker.png in Resources */,
				4888F5D8217F7C60005EA28A /* burger_big_sticker.png in Resources */,
				4888F5E3217F7C60005EA28A /* thumbsUp_unselected.png in Resources */,
			);
			runOnlyForDeploymentPostprocessing = 0;
		};
/* End PBXResourcesBuildPhase section */

/* Begin PBXSourcesBuildPhase section */
		B52828A51CD1724C009CD776 /* Sources */ = {
			isa = PBXSourcesBuildPhase;
			buildActionMask = 2147483647;
			files = (
				B52828AF1CD1724C009CD776 /* ViewController.swift in Sources */,
				B52828AD1CD1724C009CD776 /* AppDelegate.swift in Sources */,
			);
			runOnlyForDeploymentPostprocessing = 0;
		};
		B55F96201CFF829D00B33E33 /* Sources */ = {
			isa = PBXSourcesBuildPhase;
			buildActionMask = 2147483647;
			files = (
				CE31F7ED21D462B8007EE827 /* TopThreeSelection.swift in Sources */,
				CE5CFC7121D726B5002A7BCD /* Screen.swift in Sources */,
				4888F60D2180D06D005EA28A /* VotingHeader.swift in Sources */,
				4816717E2157DF0000FB53D5 /* ForceTouchGestureRecognizer.swift in Sources */,
				B55F96281CFF829D00B33E33 /* MessagesViewController.swift in Sources */,
				4806D7632183C2C100FC5912 /* AppState.swift in Sources */,
				CE5CFC6F21D716DE002A7BCD /* ParticipantViewController.swift in Sources */,
				B55F96431CFF82E100B33E33 /* IceCream+Image.swift in Sources */,
				4806D76721862B0300FC5912 /* Cacher.swift in Sources */,
				4833314C215EDAFB00FD997D /* RestaurantsNearby.swift in Sources */,
				4888F60F2180E311005EA28A /* RestaurantInfo.swift in Sources */,
				CE31F7E821D44EA7007EE827 /* LeaderVoteCell.swift in Sources */,
				B5B1E9F21D02717700BD5715 /* IceCreamStickerCache.swift in Sources */,
				4806D7612183B80300FC5912 /* Participant.swift in Sources */,
				48163198217ED33D0003F334 /* Map.swift in Sources */,
				CE31F7EF21D46809007EE827 /* Categories.swift in Sources */,
				CE31F7E621D44840007EE827 /* LeaderVotingView.swift in Sources */,
				B55F964C1CFF82E100B33E33 /* QueryItemRepresentable.swift in Sources */,
				4852138D218B673000517D65 /* RestaurantCategory.swift in Sources */,
				4820457A2155EBE900989507 /* StickersNearby.swift in Sources */,
				CE5CFC6D21D7166D002A7BCD /* ParticipantVoteCell.swift in Sources */,
				B55F96451CFF82E100B33E33 /* IceCreamHistory.swift in Sources */,
				B55F96471CFF82E100B33E33 /* IceCreamPart.swift in Sources */,
				48B14F522155DA0100A05FEF /* CurrentLocation.swift in Sources */,
				4888F60B2180C4CE005EA28A /* MainMenuViewController.swift in Sources */,
				48B14F4F2155A61700A05FEF /* Restaurant.swift in Sources */,
				4806D7652183D8C300FC5912 /* WaitingViewController.swift in Sources */,
				4814047C217D505C00124E76 /* ThumbUp.swift in Sources */,
				B55F96421CFF82E100B33E33 /* RestaurantIcon.swift in Sources */,
				48B14F4C2155A4A300A05FEF /* YelpRequest.swift in Sources */,
			);
			runOnlyForDeploymentPostprocessing = 0;
		};
/* End PBXSourcesBuildPhase section */

/* Begin PBXTargetDependency section */
		B55F96301CFF829D00B33E33 /* PBXTargetDependency */ = {
			isa = PBXTargetDependency;
			target = B55F96231CFF829D00B33E33 /* IceCreamBuilderMessagesExtension */;
			targetProxy = B55F962F1CFF829D00B33E33 /* PBXContainerItemProxy */;
		};
/* End PBXTargetDependency section */

/* Begin PBXVariantGroup section */
		B52828B01CD1724C009CD776 /* Main.storyboard */ = {
			isa = PBXVariantGroup;
			children = (
				B52828B11CD1724C009CD776 /* Base */,
			);
			name = Main.storyboard;
			sourceTree = "<group>";
		};
		B52828B51CD1724C009CD776 /* LaunchScreen.storyboard */ = {
			isa = PBXVariantGroup;
			children = (
				B52828B61CD1724C009CD776 /* Base */,
			);
			name = LaunchScreen.storyboard;
			sourceTree = "<group>";
		};
		B55F96291CFF829D00B33E33 /* MainInterface.storyboard */ = {
			isa = PBXVariantGroup;
			children = (
				B55F962A1CFF829D00B33E33 /* Base */,
			);
			name = MainInterface.storyboard;
			sourceTree = "<group>";
		};
/* End PBXVariantGroup section */

/* Begin XCBuildConfiguration section */
		B52828B91CD1724C009CD776 /* Debug */ = {
			isa = XCBuildConfiguration;
			baseConfigurationReference = A4D44100A4D441D000000001 /* SampleCode.xcconfig */;
			buildSettings = {
				ALWAYS_SEARCH_USER_PATHS = NO;
				ASSETCATALOG_COMPRESSION = lossless;
				CLANG_ANALYZER_NONNULL = YES;
				CLANG_CXX_LANGUAGE_STANDARD = "gnu++0x";
				CLANG_CXX_LIBRARY = "libc++";
				CLANG_ENABLE_MODULES = YES;
				CLANG_ENABLE_OBJC_ARC = YES;
				CLANG_WARN_BLOCK_CAPTURE_AUTORELEASING = YES;
				CLANG_WARN_BOOL_CONVERSION = YES;
				CLANG_WARN_COMMA = YES;
				CLANG_WARN_CONSTANT_CONVERSION = YES;
				CLANG_WARN_DEPRECATED_OBJC_IMPLEMENTATIONS = YES;
				CLANG_WARN_DIRECT_OBJC_ISA_USAGE = YES_ERROR;
				CLANG_WARN_EMPTY_BODY = YES;
				CLANG_WARN_ENUM_CONVERSION = YES;
				CLANG_WARN_INFINITE_RECURSION = YES;
				CLANG_WARN_INT_CONVERSION = YES;
				CLANG_WARN_NON_LITERAL_NULL_CONVERSION = YES;
				CLANG_WARN_OBJC_IMPLICIT_RETAIN_SELF = YES;
				CLANG_WARN_OBJC_LITERAL_CONVERSION = YES;
				CLANG_WARN_OBJC_ROOT_CLASS = YES_ERROR;
				CLANG_WARN_RANGE_LOOP_ANALYSIS = YES;
				CLANG_WARN_STRICT_PROTOTYPES = YES;
				CLANG_WARN_SUSPICIOUS_MOVE = YES;
				CLANG_WARN_UNREACHABLE_CODE = YES;
				CLANG_WARN__DUPLICATE_METHOD_MATCH = YES;
				"CODE_SIGN_IDENTITY[sdk=iphoneos*]" = "iPhone Developer";
				COPY_PHASE_STRIP = NO;
				DEBUG_INFORMATION_FORMAT = dwarf;
				ENABLE_STRICT_OBJC_MSGSEND = YES;
				ENABLE_TESTABILITY = YES;
				GCC_C_LANGUAGE_STANDARD = gnu99;
				GCC_DYNAMIC_NO_PIC = NO;
				GCC_NO_COMMON_BLOCKS = YES;
				GCC_OPTIMIZATION_LEVEL = 0;
				GCC_PREPROCESSOR_DEFINITIONS = (
					"DEBUG=1",
					"$(inherited)",
				);
				GCC_WARN_64_TO_32_BIT_CONVERSION = YES;
				GCC_WARN_ABOUT_RETURN_TYPE = YES_ERROR;
				GCC_WARN_UNDECLARED_SELECTOR = YES;
				GCC_WARN_UNINITIALIZED_AUTOS = YES_AGGRESSIVE;
				GCC_WARN_UNUSED_FUNCTION = YES;
				GCC_WARN_UNUSED_VARIABLE = YES;
				IPHONEOS_DEPLOYMENT_TARGET = 10.0;
				MTL_ENABLE_DEBUG_INFO = YES;
				ONLY_ACTIVE_ARCH = YES;
				SDKROOT = iphoneos;
				SWIFT_ACTIVE_COMPILATION_CONDITIONS = DEBUG;
				SWIFT_OPTIMIZATION_LEVEL = "-Onone";
				TARGETED_DEVICE_FAMILY = "1,2";
			};
			name = Debug;
		};
		B52828BA1CD1724C009CD776 /* Release */ = {
			isa = XCBuildConfiguration;
			baseConfigurationReference = A4D44100A4D441D000000001 /* SampleCode.xcconfig */;
			buildSettings = {
				ALWAYS_SEARCH_USER_PATHS = NO;
				ASSETCATALOG_COMPRESSION = "respect-asset-catalog";
				CLANG_ANALYZER_NONNULL = YES;
				CLANG_CXX_LANGUAGE_STANDARD = "gnu++0x";
				CLANG_CXX_LIBRARY = "libc++";
				CLANG_ENABLE_MODULES = YES;
				CLANG_ENABLE_OBJC_ARC = YES;
				CLANG_WARN_BLOCK_CAPTURE_AUTORELEASING = YES;
				CLANG_WARN_BOOL_CONVERSION = YES;
				CLANG_WARN_COMMA = YES;
				CLANG_WARN_CONSTANT_CONVERSION = YES;
				CLANG_WARN_DEPRECATED_OBJC_IMPLEMENTATIONS = YES;
				CLANG_WARN_DIRECT_OBJC_ISA_USAGE = YES_ERROR;
				CLANG_WARN_EMPTY_BODY = YES;
				CLANG_WARN_ENUM_CONVERSION = YES;
				CLANG_WARN_INFINITE_RECURSION = YES;
				CLANG_WARN_INT_CONVERSION = YES;
				CLANG_WARN_NON_LITERAL_NULL_CONVERSION = YES;
				CLANG_WARN_OBJC_IMPLICIT_RETAIN_SELF = YES;
				CLANG_WARN_OBJC_LITERAL_CONVERSION = YES;
				CLANG_WARN_OBJC_ROOT_CLASS = YES_ERROR;
				CLANG_WARN_RANGE_LOOP_ANALYSIS = YES;
				CLANG_WARN_STRICT_PROTOTYPES = YES;
				CLANG_WARN_SUSPICIOUS_MOVE = YES;
				CLANG_WARN_UNREACHABLE_CODE = YES;
				CLANG_WARN__DUPLICATE_METHOD_MATCH = YES;
				"CODE_SIGN_IDENTITY[sdk=iphoneos*]" = "iPhone Developer";
				COPY_PHASE_STRIP = NO;
				DEBUG_INFORMATION_FORMAT = "dwarf-with-dsym";
				ENABLE_NS_ASSERTIONS = NO;
				ENABLE_STRICT_OBJC_MSGSEND = YES;
				GCC_C_LANGUAGE_STANDARD = gnu99;
				GCC_NO_COMMON_BLOCKS = YES;
				GCC_WARN_64_TO_32_BIT_CONVERSION = YES;
				GCC_WARN_ABOUT_RETURN_TYPE = YES_ERROR;
				GCC_WARN_UNDECLARED_SELECTOR = YES;
				GCC_WARN_UNINITIALIZED_AUTOS = YES_AGGRESSIVE;
				GCC_WARN_UNUSED_FUNCTION = YES;
				GCC_WARN_UNUSED_VARIABLE = YES;
				IPHONEOS_DEPLOYMENT_TARGET = 10.0;
				MTL_ENABLE_DEBUG_INFO = NO;
				SDKROOT = iphoneos;
				SWIFT_OPTIMIZATION_LEVEL = "-Owholemodule";
				TARGETED_DEVICE_FAMILY = "1,2";
				VALIDATE_PRODUCT = YES;
			};
			name = Release;
		};
		B52828BC1CD1724C009CD776 /* Debug */ = {
			isa = XCBuildConfiguration;
			baseConfigurationReference = A4D44100A4D441D000000001 /* SampleCode.xcconfig */;
			buildSettings = {
				ALWAYS_EMBED_SWIFT_STANDARD_LIBRARIES = YES;
				ASSETCATALOG_COMPILER_APPICON_NAME = AppIcon;
				DEVELOPMENT_TEAM = WH3S96Y2LZ;
				INFOPLIST_FILE = IceCreamBuilder/Info.plist;
				LD_RUNPATH_SEARCH_PATHS = "$(inherited) @executable_path/Frameworks";
				PRODUCT_BUNDLE_IDENTIFIER = com.LSMInc.Foody;
				PRODUCT_NAME = "$(TARGET_NAME)";
				PROVISIONING_PROFILE_SPECIFIER = "";
				SWIFT_VERSION = 4.2;
			};
			name = Debug;
		};
		B52828BD1CD1724C009CD776 /* Release */ = {
			isa = XCBuildConfiguration;
			baseConfigurationReference = A4D44100A4D441D000000001 /* SampleCode.xcconfig */;
			buildSettings = {
				ALWAYS_EMBED_SWIFT_STANDARD_LIBRARIES = YES;
				ASSETCATALOG_COMPILER_APPICON_NAME = AppIcon;
				DEVELOPMENT_TEAM = WH3S96Y2LZ;
				INFOPLIST_FILE = IceCreamBuilder/Info.plist;
				LD_RUNPATH_SEARCH_PATHS = "$(inherited) @executable_path/Frameworks";
				PRODUCT_BUNDLE_IDENTIFIER = com.LSMInc.Foody;
				PRODUCT_NAME = "$(TARGET_NAME)";
				PROVISIONING_PROFILE_SPECIFIER = "";
				SWIFT_VERSION = 4.2;
			};
			name = Release;
		};
		B55F96331CFF829D00B33E33 /* Debug */ = {
			isa = XCBuildConfiguration;
			baseConfigurationReference = A4D44100A4D441D000000001 /* SampleCode.xcconfig */;
			buildSettings = {
				ASSETCATALOG_COMPILER_APPICON_NAME = "iMessage App Icon";
				CLANG_WARN_DOCUMENTATION_COMMENTS = YES;
				DEVELOPMENT_TEAM = WH3S96Y2LZ;
				INFOPLIST_FILE = IceCreamBuilderMessagesExtension/Info.plist;
				LD_RUNPATH_SEARCH_PATHS = "$(inherited) @executable_path/Frameworks @executable_path/../../Frameworks";
				PRODUCT_BUNDLE_IDENTIFIER = com.LSMInc.Foody.IceCreamBuilderMessagesExtension;
				PRODUCT_NAME = "$(TARGET_NAME)";
				PROVISIONING_PROFILE_SPECIFIER = "";
				SKIP_INSTALL = YES;
				SWIFT_VERSION = 4.0;
			};
			name = Debug;
		};
		B55F96341CFF829D00B33E33 /* Release */ = {
			isa = XCBuildConfiguration;
			baseConfigurationReference = A4D44100A4D441D000000001 /* SampleCode.xcconfig */;
			buildSettings = {
				ASSETCATALOG_COMPILER_APPICON_NAME = "iMessage App Icon";
				CLANG_WARN_DOCUMENTATION_COMMENTS = YES;
				DEVELOPMENT_TEAM = WH3S96Y2LZ;
				INFOPLIST_FILE = IceCreamBuilderMessagesExtension/Info.plist;
				LD_RUNPATH_SEARCH_PATHS = "$(inherited) @executable_path/Frameworks @executable_path/../../Frameworks";
				PRODUCT_BUNDLE_IDENTIFIER = com.LSMInc.Foody.IceCreamBuilderMessagesExtension;
				PRODUCT_NAME = "$(TARGET_NAME)";
				PROVISIONING_PROFILE_SPECIFIER = "";
				SKIP_INSTALL = YES;
				SWIFT_VERSION = 4.0;
			};
			name = Release;
		};
/* End XCBuildConfiguration section */

/* Begin XCConfigurationList section */
		B52828A41CD1724C009CD776 /* Build configuration list for PBXProject "IceCreamBuilder" */ = {
			isa = XCConfigurationList;
			buildConfigurations = (
				B52828B91CD1724C009CD776 /* Debug */,
				B52828BA1CD1724C009CD776 /* Release */,
			);
			defaultConfigurationIsVisible = 0;
			defaultConfigurationName = Release;
		};
		B52828BB1CD1724C009CD776 /* Build configuration list for PBXNativeTarget "IceCreamBuilder" */ = {
			isa = XCConfigurationList;
			buildConfigurations = (
				B52828BC1CD1724C009CD776 /* Debug */,
				B52828BD1CD1724C009CD776 /* Release */,
			);
			defaultConfigurationIsVisible = 0;
			defaultConfigurationName = Release;
		};
		B55F96321CFF829D00B33E33 /* Build configuration list for PBXNativeTarget "IceCreamBuilderMessagesExtension" */ = {
			isa = XCConfigurationList;
			buildConfigurations = (
				B55F96331CFF829D00B33E33 /* Debug */,
				B55F96341CFF829D00B33E33 /* Release */,
			);
			defaultConfigurationIsVisible = 0;
			defaultConfigurationName = Release;
		};
/* End XCConfigurationList section */
	};
	rootObject = B52828A11CD1724C009CD776 /* Project object */;
}
